
Microsoft Visual Studio Solution File, Format Version 12.00
# Visual Studio 14
VisualStudioVersion = 14.0.25420.1
MinimumVisualStudioVersion = 10.0.40219.1
Project("{FAE04EC0-301F-11D3-BF4B-00C04F79EFBC}") = "DataStoringJob", "DataStoringJob\DataStoringJob.csproj", "{58E06ACC-7D1C-4DEB-873D-B8D185A08E9F}"
EndProject
Project("{2150E333-8FDC-42A3-9474-1A3956D46DE8}") = "libraries", "libraries", "{94AF240D-5660-4EAE-83E2-6AE6BFBF09FF}"
EndProject
Project("{FAE04EC0-301F-11D3-BF4B-00C04F79EFBC}") = "DataStoringService", "DataStoringService\DataStoringService.csproj", "{28C26B3D-DCB0-4216-A971-BAAB213304E9}"
EndProject
Project("{FAE04EC0-301F-11D3-BF4B-00C04F79EFBC}") = "DataStoringService.Contracts", "DataStoringService.Contracts\DataStoringService.Contracts.csproj", "{56795986-259F-4240-96ED-33998F0E7358}"
EndProject
Project("{FAE04EC0-301F-11D3-BF4B-00C04F79EFBC}") = "FtpDownloader.Contracs", "FtpDownloader.Contracs\FtpDownloader.Contracs.csproj", "{6D4B3A6E-590B-4846-A9FE-3C841A08B275}"
EndProject
Project("{FAE04EC0-301F-11D3-BF4B-00C04F79EFBC}") = "FtpDownloader", "FtpDownloader\FtpDownloader.csproj", "{6583D95B-508F-425D-B5B4-4A7070C948F5}"
EndProject
Project("{2150E333-8FDC-42A3-9474-1A3956D46DE8}") = "wrapper", "wrapper", "{5E58A64E-5594-4A9C-87C1-A2D94C9F8386}"
EndProject
Project("{FAE04EC0-301F-11D3-BF4B-00C04F79EFBC}") = "AzureStorageWrapper.Contracts", "AzureStorageWrapper.Contracts\AzureStorageWrapper.Contracts.csproj", "{4997B6D4-48B0-49D9-B0E6-9CBCF1ECC137}"
EndProject
Project("{FAE04EC0-301F-11D3-BF4B-00C04F79EFBC}") = "AzureStorageService", "AzureStorageService\AzureStorageService.csproj", "{C8B927D5-EBEE-45A4-A5D2-6A3A92AF2250}"
EndProject
Global
	GlobalSection(SolutionConfigurationPlatforms) = preSolution
		Debug|Any CPU = Debug|Any CPU
		Release|Any CPU = Release|Any CPU
	EndGlobalSection
	GlobalSection(ProjectConfigurationPlatforms) = postSolution
		{58E06ACC-7D1C-4DEB-873D-B8D185A08E9F}.Debug|Any CPU.ActiveCfg = Debug|Any CPU
		{58E06ACC-7D1C-4DEB-873D-B8D185A08E9F}.Debug|Any CPU.Build.0 = Debug|Any CPU
		{58E06ACC-7D1C-4DEB-873D-B8D185A08E9F}.Release|Any CPU.ActiveCfg = Release|Any CPU
		{58E06ACC-7D1C-4DEB-873D-B8D185A08E9F}.Release|Any CPU.Build.0 = Release|Any CPU
		{28C26B3D-DCB0-4216-A971-BAAB213304E9}.Debug|Any CPU.ActiveCfg = Debug|Any CPU
		{28C26B3D-DCB0-4216-A971-BAAB213304E9}.Debug|Any CPU.Build.0 = Debug|Any CPU
		{28C26B3D-DCB0-4216-A971-BAAB213304E9}.Release|Any CPU.ActiveCfg = Release|Any CPU
		{28C26B3D-DCB0-4216-A971-BAAB213304E9}.Release|Any CPU.Build.0 = Release|Any CPU
		{56795986-259F-4240-96ED-33998F0E7358}.Debug|Any CPU.ActiveCfg = Debug|Any CPU
		{56795986-259F-4240-96ED-33998F0E7358}.Debug|Any CPU.Build.0 = Debug|Any CPU
		{56795986-259F-4240-96ED-33998F0E7358}.Release|Any CPU.ActiveCfg = Release|Any CPU
		{56795986-259F-4240-96ED-33998F0E7358}.Release|Any CPU.Build.0 = Release|Any CPU
		{6D4B3A6E-590B-4846-A9FE-3C841A08B275}.Debug|Any CPU.ActiveCfg = Debug|Any CPU
		{6D4B3A6E-590B-4846-A9FE-3C841A08B275}.Debug|Any CPU.Build.0 = Debug|Any CPU
		{6D4B3A6E-590B-4846-A9FE-3C841A08B275}.Release|Any CPU.ActiveCfg = Release|Any CPU
		{6D4B3A6E-590B-4846-A9FE-3C841A08B275}.Release|Any CPU.Build.0 = Release|Any CPU
		{6583D95B-508F-425D-B5B4-4A7070C948F5}.Debug|Any CPU.ActiveCfg = Debug|Any CPU
		{6583D95B-508F-425D-B5B4-4A7070C948F5}.Debug|Any CPU.Build.0 = Debug|Any CPU
		{6583D95B-508F-425D-B5B4-4A7070C948F5}.Release|Any CPU.ActiveCfg = Release|Any CPU
		{6583D95B-508F-425D-B5B4-4A7070C948F5}.Release|Any CPU.Build.0 = Release|Any CPU
		{4997B6D4-48B0-49D9-B0E6-9CBCF1ECC137}.Debug|Any CPU.ActiveCfg = Debug|Any CPU
		{4997B6D4-48B0-49D9-B0E6-9CBCF1ECC137}.Debug|Any CPU.Build.0 = Debug|Any CPU
		{4997B6D4-48B0-49D9-B0E6-9CBCF1ECC137}.Release|Any CPU.ActiveCfg = Release|Any CPU
		{4997B6D4-48B0-49D9-B0E6-9CBCF1ECC137}.Release|Any CPU.Build.0 = Release|Any CPU
		{C8B927D5-EBEE-45A4-A5D2-6A3A92AF2250}.Debug|Any CPU.ActiveCfg = Debug|Any CPU
		{C8B927D5-EBEE-45A4-A5D2-6A3A92AF2250}.Debug|Any CPU.Build.0 = Debug|Any CPU
		{C8B927D5-EBEE-45A4-A5D2-6A3A92AF2250}.Release|Any CPU.ActiveCfg = Release|Any CPU
		{C8B927D5-EBEE-45A4-A5D2-6A3A92AF2250}.Release|Any CPU.Build.0 = Release|Any CPU
	EndGlobalSection
	GlobalSection(SolutionProperties) = preSolution
		HideSolutionNode = FALSE
	EndGlobalSection
	GlobalSection(NestedProjects) = preSolution
		{28C26B3D-DCB0-4216-A971-BAAB213304E9} = {94AF240D-5660-4EAE-83E2-6AE6BFBF09FF}
		{56795986-259F-4240-96ED-33998F0E7358} = {94AF240D-5660-4EAE-83E2-6AE6BFBF09FF}
		{6D4B3A6E-590B-4846-A9FE-3C841A08B275} = {94AF240D-5660-4EAE-83E2-6AE6BFBF09FF}
		{6583D95B-508F-425D-B5B4-4A7070C948F5} = {94AF240D-5660-4EAE-83E2-6AE6BFBF09FF}
		{4997B6D4-48B0-49D9-B0E6-9CBCF1ECC137} = {5E58A64E-5594-4A9C-87C1-A2D94C9F8386}
		{C8B927D5-EBEE-45A4-A5D2-6A3A92AF2250} = {5E58A64E-5594-4A9C-87C1-A2D94C9F8386}
	EndGlobalSection
EndGlobal
