
Microsoft Visual Studio Solution File, Format Version 12.00
# Visual Studio 14
VisualStudioVersion = 14.0.25420.1
MinimumVisualStudioVersion = 10.0.40219.1
Project("{2150E333-8FDC-42A3-9474-1A3956D46DE8}") = "src", "src", "{0A9C66DA-0870-4FEF-9673-8CCC4ECCA388}"
EndProject
Project("{2150E333-8FDC-42A3-9474-1A3956D46DE8}") = "Solution Items", "Solution Items", "{C35760CE-330B-4975-A873-AF08EF59B997}"
	ProjectSection(SolutionItems) = preProject
		global.json = global.json
	EndProjectSection
EndProject
Project("{8BB2217D-0F2D-49D1-97BC-3654ED321F3B}") = "SolarRiediBackend", "src\SolarRiediBackend\SolarRiediBackend.xproj", "{08BA3E8D-12A8-492F-B3C0-4B31413B84A0}"
EndProject
Global
	GlobalSection(SolutionConfigurationPlatforms) = preSolution
		Debug|Any CPU = Debug|Any CPU
		Release|Any CPU = Release|Any CPU
	EndGlobalSection
	GlobalSection(ProjectConfigurationPlatforms) = postSolution
		{08BA3E8D-12A8-492F-B3C0-4B31413B84A0}.Debug|Any CPU.ActiveCfg = Debug|Any CPU
		{08BA3E8D-12A8-492F-B3C0-4B31413B84A0}.Debug|Any CPU.Build.0 = Debug|Any CPU
		{08BA3E8D-12A8-492F-B3C0-4B31413B84A0}.Release|Any CPU.ActiveCfg = Release|Any CPU
		{08BA3E8D-12A8-492F-B3C0-4B31413B84A0}.Release|Any CPU.Build.0 = Release|Any CPU
	EndGlobalSection
	GlobalSection(SolutionProperties) = preSolution
		HideSolutionNode = FALSE
	EndGlobalSection
	GlobalSection(NestedProjects) = preSolution
		{08BA3E8D-12A8-492F-B3C0-4B31413B84A0} = {0A9C66DA-0870-4FEF-9673-8CCC4ECCA388}
	EndGlobalSection
EndGlobal
